github.com/davecgh/go-spew v1.1.1 h1:vj9j/u1bqnvCEfJOwUhtlOARqs3+rkHYY13jYWTU97c=
github.com/davecgh/go-spew v1.1.1/go.mod h1:J7Y8YcW2NihsgmVo/mv3lAwl/skON4iLHjSsI+c5H38=
github.com/google/uuid v1.6.0 h1:NIvaJDMOsjHA8n1jAhLSgzrAzy1Hgr+hNrb57e+94F0=
github.com/google/uuid v1.6.0/go.mod h1:TIyPZe4MgqvfeYDBFedMoGGpEw/LqOeaOT+nhxU+yHo=
github.com/pmezard/go-difflib v1.0.0 h1:4DBwDE0NGyQoBHbLQYPwSUPoCMWR5BEzIk/f1lZbAQM=
github.com/pmezard/go-difflib v1.0.0/go.mod h1:iKH77koFhYxTK1pcRnkKkqfTogsbg7gZNVY4sRDYZ/4=
github.com/rohanthewiz/assert v0.1.2 h1:coi0nUTAuqgpxoa7THQynDnBKUzV9Bid+tNaocUkCYE=
github.com/rohanthewiz/assert v0.1.2/go.mod h1:Xix0OMMRN0aGkE207Wk5GJk0eWlpcNGph0+kYpuq+vQ=
github.com/rohanthewiz/btypedb v0.7.0 h1:i8zu+Rc5YIkocbVuNk1jlnb94g9RTtJQGAGm9xob+QI=
github.com/rohanthewiz/btypedb v0.7.0/go.mod h1:K+7M8clbmaVh33X9QYm1sA5A7DWDKOE1+O9WFQflMI0=
github.com/rohanthewiz/bytdb v0.9.1 h1:HOvkT0OA6N7dzg3CQPEpGRnQueaTICTCFNVgW3mUkCE=
github.com/rohanthewiz/bytdb v0.9.1/go.mod h1:HKuQb7ptS/dPzagWWttvfy1qkQulke/p8JUHZeDOvO4=
github.com/rohanthewiz/element v0.6.0 h1:YS7I69mKKjtMa1ezr1ZQKm+XmrhQzKiE9vOSPxdLUvU=
github.com/rohanthewiz/element v0.6.0/go.mod h1:YZnKqWX2lSsR+zi06x3vhViYVoOSx8xHQjUMTmM/FLo=
github.com/rohanthewiz/go-styl v0.2.0 h1:yRFXDo5qx8+IUdEcSujubO/45kyMTbBU/y1+lVDRqss=
github.com/rohanthewiz/go-styl v0.2.0/go.mod h1:KrfV5uRUL3U7mh32H7zeIZzKJeIGOU/AEC5UBqH53/s=
github.com/rohanthewiz/logger v1.3.0 h1:cJoocqUvv5wsHcjlW7wupMTruyBCUHuu8J380u5fyFs=
github.com/rohanthewiz/logger v1.3.0/go.mod h1:aPgQ2SY+8fjgyUVcHpWBT9gGHaqKU4cfWjJ7Gkt+Eb0=
github.com/rohanthewiz/rweb v0.1.27-0.20260707123520-9c2144b2ed7c h1:F8o+i3/5VD6d+0ioHNJTZjB3PBc6xXYC68kigK7v2oQ=
github.com/rohanthewiz/rweb v0.1.27-0.20260707123520-9c2144b2ed7c/go.mod h1:byJnPYevT7h4eqAlEQjlH124J0VPFmrP3Cp34wnQNqk=
github.com/rohanthewiz/serr v1.4.0 h1:twQnnRRB3+orPJBrdVBaxaYScNE+Dk9MxSLtEabvoGA=
github.com/rohanthewiz/serr v1.4.0/go.mod h1:l01AbjXw1zP0kxe5tX5s/sADHiBbl0Rwfo/igde4b88=
github.com/sirupsen/logrus v1.9.4 h1:TsZE7l11zFCLZnZ+teH4Umoq5BhEIfIzfRDZ1Uzql2w=
github.com/sirupsen/logrus v1.9.4/go.mod h1:ftWc9WdOfJ0a92nsE2jF5u5ZwH8Bv2zdeOC42RjbV2g=
github.com/stretchr/testify v1.11.1 h1:7s2iGBzp5EwR7/aIZr8ao5+dra3wiQyKjjFuvgVKu7U=
github.com/stretchr/testify v1.11.1/go.mod h1:wZwfW3scLgRK+23gO65QZefKpKQRnfz6sD981Nm4B6U=
github.com/tidwall/btype v0.3.0 h1:VU0/oeVecbqY+2OpyzN0wPQU9CBvCnmOv3w5A+pn42A=
github.com/tidwall/btype v0.3.0/go.mod h1:IRq7GmniRp9OhEKPIalEyUe/3x9oR8AuuKrdv0ANFbc=
github.com/yuin/goldmark v1.7.13 h1:GPddIs617DnBLFFVJFgpo1aBfe/4xcvMc3SB5t/D0pA=
github.com/yuin/goldmark v1.7.13/go.mod h1:ip/1k0VRfGynBgxOz0yCqHrbZXhcjxyuS66Brc7iBKg=
golang.org/x/sys v0.39.0 h1:CvCKL8MeisomCi6qNZ+wbb0DN9E5AATixKsvNtMoMFk=
golang.org/x/sys v0.39.0/go.mod h1:OgkHotnGiDImocRcuBABYBEXf8A9a87e/uXjp9XT3ks=
gopkg.in/yaml.v3 v3.0.1 h1:fxVm/GzAzEWqLHuvctI91KS9hhNmmWOoWu0XTYJS7CA=
gopkg.in/yaml.v3 v3.0.1/go.mod h1:K4uyk7z7BCEPqu6E+C64Yfv1cQ7kz7rIZviUmN+EgEM=
